
Microsoft Visual Studio Solution File, Format Version 12.00
# Visual Studio Version 17
VisualStudioVersion = 17.0.32014.148
MinimumVisualStudioVersion = 10.0.40219.1
Project("{FAE04EC0-301F-11D3-BF4B-00C04F79EFBC}") = "Strelkov20.Android", "Strelkov20\Strelkov20.Android\Strelkov20.Android.csproj", "{B563D607-DC78-4837-903F-B5AABFADA0E2}"
EndProject
Project("{FAE04EC0-301F-11D3-BF4B-00C04F79EFBC}") = "Strelkov20.iOS", "Strelkov20\Strelkov20.iOS\Strelkov20.iOS.csproj", "{A509FF37-93C1-4FA4-BEFC-4FF4A17CE829}"
EndProject
Project("{FAE04EC0-301F-11D3-BF4B-00C04F79EFBC}") = "Strelkov20", "Strelkov20\Strelkov20\Strelkov20.csproj", "{65475237-4478-4F03-92D9-E3C295B9F01A}"
EndProject
Global
	GlobalSection(SolutionConfigurationPlatforms) = preSolution
		Debug|Any CPU = Debug|Any CPU
		Debug|iPhone = Debug|iPhone
		Debug|iPhoneSimulator = Debug|iPhoneSimulator
		Release|Any CPU = Release|Any CPU
		Release|iPhone = Release|iPhone
		Release|iPhoneSimulator = Release|iPhoneSimulator
	EndGlobalSection
	GlobalSection(ProjectConfigurationPlatforms) = postSolution
		{B563D607-DC78-4837-903F-B5AABFADA0E2}.Debug|Any CPU.ActiveCfg = Debug|Any CPU
		{B563D607-DC78-4837-903F-B5AABFADA0E2}.Debug|Any CPU.Build.0 = Debug|Any CPU
		{B563D607-DC78-4837-903F-B5AABFADA0E2}.Debug|Any CPU.Deploy.0 = Debug|Any CPU
		{B563D607-DC78-4837-903F-B5AABFADA0E2}.Debug|iPhone.ActiveCfg = Debug|Any CPU
		{B563D607-DC78-4837-903F-B5AABFADA0E2}.Debug|iPhone.Build.0 = Debug|Any CPU
		{B563D607-DC78-4837-903F-B5AABFADA0E2}.Debug|iPhone.Deploy.0 = Debug|Any CPU
		{B563D607-DC78-4837-903F-B5AABFADA0E2}.Debug|iPhoneSimulator.ActiveCfg = Debug|Any CPU
		{B563D607-DC78-4837-903F-B5AABFADA0E2}.Debug|iPhoneSimulator.Build.0 = Debug|Any CPU
		{B563D607-DC78-4837-903F-B5AABFADA0E2}.Debug|iPhoneSimulator.Deploy.0 = Debug|Any CPU
		{B563D607-DC78-4837-903F-B5AABFADA0E2}.Release|Any CPU.ActiveCfg = Release|Any CPU
		{B563D607-DC78-4837-903F-B5AABFADA0E2}.Release|Any CPU.Build.0 = Release|Any CPU
		{B563D607-DC78-4837-903F-B5AABFADA0E2}.Release|Any CPU.Deploy.0 = Release|Any CPU
		{B563D607-DC78-4837-903F-B5AABFADA0E2}.Release|iPhone.ActiveCfg = Release|Any CPU
		{B563D607-DC78-4837-903F-B5AABFADA0E2}.Release|iPhone.Build.0 = Release|Any CPU
		{B563D607-DC78-4837-903F-B5AABFADA0E2}.Release|iPhone.Deploy.0 = Release|Any CPU
		{B563D607-DC78-4837-903F-B5AABFADA0E2}.Release|iPhoneSimulator.ActiveCfg = Release|Any CPU
		{B563D607-DC78-4837-903F-B5AABFADA0E2}.Release|iPhoneSimulator.Build.0 = Release|Any CPU
		{B563D607-DC78-4837-903F-B5AABFADA0E2}.Release|iPhoneSimulator.Deploy.0 = Release|Any CPU
		{A509FF37-93C1-4FA4-BEFC-4FF4A17CE829}.Debug|Any CPU.ActiveCfg = Debug|iPhone
		{A509FF37-93C1-4FA4-BEFC-4FF4A17CE829}.Debug|Any CPU.Build.0 = Debug|iPhone
		{A509FF37-93C1-4FA4-BEFC-4FF4A17CE829}.Debug|Any CPU.Deploy.0 = Debug|iPhone
		{A509FF37-93C1-4FA4-BEFC-4FF4A17CE829}.Debug|iPhone.ActiveCfg = Debug|iPhone
		{A509FF37-93C1-4FA4-BEFC-4FF4A17CE829}.Debug|iPhone.Build.0 = Debug|iPhone
		{A509FF37-93C1-4FA4-BEFC-4FF4A17CE829}.Debug|iPhone.Deploy.0 = Debug|iPhone
		{A509FF37-93C1-4FA4-BEFC-4FF4A17CE829}.Debug|iPhoneSimulator.ActiveCfg = Debug|iPhoneSimulator
		{A509FF37-93C1-4FA4-BEFC-4FF4A17CE829}.Debug|iPhoneSimulator.Build.0 = Debug|iPhoneSimulator
		{A509FF37-93C1-4FA4-BEFC-4FF4A17CE829}.Debug|iPhoneSimulator.Deploy.0 = Debug|iPhoneSimulator
		{A509FF37-93C1-4FA4-BEFC-4FF4A17CE829}.Release|Any CPU.ActiveCfg = Release|iPhoneSimulator
		{A509FF37-93C1-4FA4-BEFC-4FF4A17CE829}.Release|Any CPU.Build.0 = Release|iPhoneSimulator
		{A509FF37-93C1-4FA4-BEFC-4FF4A17CE829}.Release|Any CPU.Deploy.0 = Release|iPhoneSimulator
		{A509FF37-93C1-4FA4-BEFC-4FF4A17CE829}.Release|iPhone.ActiveCfg = Release|iPhone
		{A509FF37-93C1-4FA4-BEFC-4FF4A17CE829}.Release|iPhone.Build.0 = Release|iPhone
		{A509FF37-93C1-4FA4-BEFC-4FF4A17CE829}.Release|iPhone.Deploy.0 = Release|iPhone
		{A509FF37-93C1-4FA4-BEFC-4FF4A17CE829}.Release|iPhoneSimulator.ActiveCfg = Release|iPhoneSimulator
		{A509FF37-93C1-4FA4-BEFC-4FF4A17CE829}.Release|iPhoneSimulator.Build.0 = Release|iPhoneSimulator
		{A509FF37-93C1-4FA4-BEFC-4FF4A17CE829}.Release|iPhoneSimulator.Deploy.0 = Release|iPhoneSimulator
		{65475237-4478-4F03-92D9-E3C295B9F01A}.Debug|Any CPU.ActiveCfg = Debug|Any CPU
		{65475237-4478-4F03-92D9-E3C295B9F01A}.Debug|Any CPU.Build.0 = Debug|Any CPU
		{65475237-4478-4F03-92D9-E3C295B9F01A}.Debug|Any CPU.Deploy.0 = Debug|Any CPU
		{65475237-4478-4F03-92D9-E3C295B9F01A}.Debug|iPhone.ActiveCfg = Debug|Any CPU
		{65475237-4478-4F03-92D9-E3C295B9F01A}.Debug|iPhone.Build.0 = Debug|Any CPU
		{65475237-4478-4F03-92D9-E3C295B9F01A}.Debug|iPhone.Deploy.0 = Debug|Any CPU
		{65475237-4478-4F03-92D9-E3C295B9F01A}.Debug|iPhoneSimulator.ActiveCfg = Debug|Any CPU
		{65475237-4478-4F03-92D9-E3C295B9F01A}.Debug|iPhoneSimulator.Build.0 = Debug|Any CPU
		{65475237-4478-4F03-92D9-E3C295B9F01A}.Debug|iPhoneSimulator.Deploy.0 = Debug|Any CPU
		{65475237-4478-4F03-92D9-E3C295B9F01A}.Release|Any CPU.ActiveCfg = Release|Any CPU
		{65475237-4478-4F03-92D9-E3C295B9F01A}.Release|Any CPU.Build.0 = Release|Any CPU
		{65475237-4478-4F03-92D9-E3C295B9F01A}.Release|Any CPU.Deploy.0 = Release|Any CPU
		{65475237-4478-4F03-92D9-E3C295B9F01A}.Release|iPhone.ActiveCfg = Release|Any CPU
		{65475237-4478-4F03-92D9-E3C295B9F01A}.Release|iPhone.Build.0 = Release|Any CPU
		{65475237-4478-4F03-92D9-E3C295B9F01A}.Release|iPhone.Deploy.0 = Release|Any CPU
		{65475237-4478-4F03-92D9-E3C295B9F01A}.Release|iPhoneSimulator.ActiveCfg = Release|Any CPU
		{65475237-4478-4F03-92D9-E3C295B9F01A}.Release|iPhoneSimulator.Build.0 = Release|Any CPU
		{65475237-4478-4F03-92D9-E3C295B9F01A}.Release|iPhoneSimulator.Deploy.0 = Release|Any CPU
	EndGlobalSection
	GlobalSection(SolutionProperties) = preSolution
		HideSolutionNode = FALSE
	EndGlobalSection
	GlobalSection(ExtensibilityGlobals) = postSolution
		SolutionGuid = {558ED5AC-33AF-441F-AAD1-4B6A6C1D172C}
	EndGlobalSection
EndGlobal
